{
  "lockfile-version": 1,
  "manifest": {
    "schema-version": "1.15.0",
    "install": {
      "python3": {
        "pkg-path": "python3"
      },
      "uv": {
        "pkg-path": "uv"
      }
    },
    "hook": {
      "on-activate": "  export UV_PROJECT_ENVIRONMENT=\"$FLOX_ENV_CACHE/venv\"\n  export UV_CACHE_DIR=\"$FLOX_ENV_CACHE/uv\"\n  export UV_PYTHON=\"$FLOX_ENV/bin/python3\"\n  export UV_PYTHON_DOWNLOADS=never\n\n  uv sync --quiet\n"
    },
    "profile": {
      "bash": "source \"$FLOX_ENV_CACHE/venv/bin/activate\"",
      "zsh": "source \"$FLOX_ENV_CACHE/venv/bin/activate\"",
      "fish": "source \"$FLOX_ENV_CACHE/venv/bin/activate.fish\"",
      "tcsh": "source \"$FLOX_ENV_CACHE/venv/bin/activate.csh\""
    },
    "options": {}
  },
  "packages": [
    {
      "attr_path": "python3",
      "broken": false,
      "derivation": "/nix/store/95v2bm1jc36bnzq196428g2hanwlv3d0-python3-3.14.7.drv",
      "description": "High-level dynamically-typed programming language",
      "install_id": "python3",
      "license": "Python-2.0",
      "locked_url": "https://github.com/flox/nixpkgs?rev=34ab99075ac4f7e40cf037eef32cb1c360bb85e9",
      "name": "python3-3.14.7",
      "pname": "python3",
      "rev": "34ab99075ac4f7e40cf037eef32cb1c360bb85e9",
      "rev_count": 1064949,
      "rev_date": "2026-08-31T12:23:27Z",
      "scrape_date": "2026-09-01T04:58:20.755391Z",
      "stabilities": [
        "unstable"
      ],
      "unfree": false,
      "version": "3.14.7",
      "outputs_to_install": [
        "out"
      ],
      "outputs": {
        "out": "/nix/store/k07j8cq0iyvna81qlhwxz8xq6pkz02z8-python3-3.14.7"
      },
      "system": "aarch64-darwin",
      "group": "toplevel",
      "priority": 5
    },
    {
      "attr_path": "python3",
      "broken": false,
      "derivation": "/nix/store/q1411gy81h7yhi7y2ql7cj9rigxf2cq3-python3-3.14.7.drv",
      "description": "High-level dynamically-typed programming language",
      "install_id": "python3",
      "license": "Python-2.0",
      "locked_url": "https://github.com/flox/nixpkgs?rev=34ab99075ac4f7e40cf037eef32cb1c360bb85e9",
      "name": "python3-3.14.7",
      "pname": "python3",
      "rev": "34ab99075ac4f7e40cf037eef32cb1c360bb85e9",
      "rev_count": 1064949,
      "rev_date": "2026-08-31T12:23:27Z",
      "scrape_date": "2026-09-01T05:30:16.064649Z",
      "stabilities": [
        "unstable"
      ],
      "unfree": false,
      "version": "3.14.7",
      "outputs_to_install": [
        "out",
        "out"
      ],
      "outputs": {
        "debug": "/nix/store/0pl3kd98nqzrdpskx973gglbh25cns80-python3-3.14.7-debug",
        "out": "/nix/store/lfh101cfjj8p8npcari9hk0lbqi33yvh-python3-3.14.7"
      },
      "system": "aarch64-linux",
      "group": "toplevel",
      "priority": 5
    },
    {
      "attr_path": "python3",
      "broken": false,
      "derivation": "/nix/store/fvbc4g2s1pqvkrmrnq2ycd5kg5f2zsyy-python3-3.14.7.drv",
      "description": "High-level dynamically-typed programming language",
      "install_id": "python3",
      "license": "Python-2.0",
      "locked_url": "https://github.com/flox/nixpkgs?rev=34ab99075ac4f7e40cf037eef32cb1c360bb85e9",
      "name": "python3-3.14.7",
      "pname": "python3",
      "rev": "34ab99075ac4f7e40cf037eef32cb1c360bb85e9",
      "rev_count": 1064949,
      "rev_date": "2026-08-31T12:23:27Z",
      "scrape_date": "2026-09-01T06:07:05.516369Z",
      "stabilities": [
        "unstable"
      ],
      "unfree": false,
      "version": "3.14.7",
      "outputs_to_install": [
        "out",
        "out"
      ],
      "outputs": {
        "debug": "/nix/store/dm1ysal713a16j2h1cf52vhf878yr0wd-python3-3.14.7-debug",
        "out": "/nix/store/b5bpi6zfajzzrwwpgba2q6li3nnya4bs-python3-3.14.7"
      },
      "system": "x86_64-linux",
      "group": "toplevel",
      "priority": 5
    },
    {
      "attr_path": "uv",
      "broken": false,
      "derivation": "/nix/store/7yf2a2h6f09345b48kmspdvbs41cgvp1-uv-0.12.5.drv",
      "description": "Extremely fast Python package installer and resolver, written in Rust",
      "install_id": "uv",
      "license": "[ Apache-2.0, MIT ]",
      "locked_url": "https://github.com/flox/nixpkgs?rev=34ab99075ac4f7e40cf037eef32cb1c360bb85e9",
      "name": "uv-0.12.5",
      "pname": "uv",
      "rev": "34ab99075ac4f7e40cf037eef32cb1c360bb85e9",
      "rev_count": 1064949,
      "rev_date": "2026-08-31T12:23:27Z",
      "scrape_date": "2026-09-01T05:00:27.161813Z",
      "stabilities": [
        "unstable"
      ],
      "unfree": false,
      "version": "0.12.5",
      "outputs_to_install": [
        "out"
      ],
      "outputs": {
        "out": "/nix/store/71zq15rr7i4avy58y89hfgf2lhp3b7la-uv-0.12.5"
      },
      "system": "aarch64-darwin",
      "group": "toplevel",
      "priority": 5
    },
    {
      "attr_path": "uv",
      "broken": false,
      "derivation": "/nix/store/dwqwaznkh6q023xrwharzyq17lbcbfx0-uv-0.12.5.drv",
      "description": "Extremely fast Python package installer and resolver, written in Rust",
      "install_id": "uv",
      "license": "[ Apache-2.0, MIT ]",
      "locked_url": "https://github.com/flox/nixpkgs?rev=34ab99075ac4f7e40cf037eef32cb1c360bb85e9",
      "name": "uv-0.12.5",
      "pname": "uv",
      "rev": "34ab99075ac4f7e40cf037eef32cb1c360bb85e9",
      "rev_count": 1064949,
      "rev_date": "2026-08-31T12:23:27Z",
      "scrape_date": "2026-09-01T05:32:55.452025Z",
      "stabilities": [
        "unstable"
      ],
      "unfree": false,
      "version": "0.12.5",
      "outputs_to_install": [
        "out"
      ],
      "outputs": {
        "out": "/nix/store/s2pqw31dkyrcym72fcdn0h9myl0yy9ix-uv-0.12.5"
      },
      "system": "aarch64-linux",
      "group": "toplevel",
      "priority": 5
    },
    {
      "attr_path": "uv",
      "broken": false,
      "derivation": "/nix/store/mszx1f9yy1dxj4v1m2wincdj57is67c5-uv-0.12.5.drv",
      "description": "Extremely fast Python package installer and resolver, written in Rust",
      "install_id": "uv",
      "license": "[ Apache-2.0, MIT ]",
      "locked_url": "https://github.com/flox/nixpkgs?rev=34ab99075ac4f7e40cf037eef32cb1c360bb85e9",
      "name": "uv-0.12.5",
      "pname": "uv",
      "rev": "34ab99075ac4f7e40cf037eef32cb1c360bb85e9",
      "rev_count": 1064949,
      "rev_date": "2026-08-31T12:23:27Z",
      "scrape_date": "2026-09-01T06:09:43.804133Z",
      "stabilities": [
        "unstable"
      ],
      "unfree": false,
      "version": "0.12.5",
      "outputs_to_install": [
        "out"
      ],
      "outputs": {
        "out": "/nix/store/v6av5m4035ds4558ax9sh0ywwnkjnd7b-uv-0.12.5"
      },
      "system": "x86_64-linux",
      "group": "toplevel",
      "priority": 5
    }
  ]
}
